# THIS IS AN AUTOGENERATED FILE. DO NOT EDIT THIS FILE DIRECTLY.
# yarn lockfile v1


"@types/bluebird@^3.5.24":
  version "3.5.24"
  resolved "https://registry.yarnpkg.com/@types/bluebird/-/bluebird-3.5.24.tgz#11f76812531c14f793b8ecbf1de96f672905de8a"

"@types/node@^10.12.9":
  version "10.12.9"
  resolved "https://registry.yarnpkg.com/@types/node/-/node-10.12.9.tgz#a07bfa74331471e1dc22a47eb72026843f7b95c8"

asn1.js@1.0.3:
  version "1.0.3"
  resolved "https://registry.yarnpkg.com/asn1.js/-/asn1.js-1.0.3.tgz#281ba3ec1f2448fe765f92a4eecf883fe1364b54"
  dependencies:
    inherits "^2.0.1"
    minimalistic-assert "^1.0.0"
  optionalDependencies:
    bn.js "^1.0.0"

asn1.js@^5.0.0, asn1.js@^5.0.1:
  version "5.0.1"
  resolved "https://registry.yarnpkg.com/asn1.js/-/asn1.js-5.0.1.tgz#7668b56416953f0ce3421adbb3893ace59c96f59"
  dependencies:
    bn.js "^4.0.0"
    inherits "^2.0.1"
    minimalistic-assert "^1.0.0"

async@^2.5.0, async@^2.6.0, async@^2.6.1:
  version "2.6.1"
  resolved "https://registry.yarnpkg.com/async/-/async-2.6.1.tgz#b245a23ca71930044ec53fa46aa00a3e87c6a610"
  dependencies:
    lodash "^4.17.10"

base-x@^3.0.2:
  version "3.0.5"
  resolved "https://registry.yarnpkg.com/base-x/-/base-x-3.0.5.tgz#d3ada59afed05b921ab581ec3112e6444ba0795a"
  dependencies:
    safe-buffer "^5.0.1"

big.js@^5.2.2:
  version "5.2.2"
  resolved "https://registry.yarnpkg.com/big.js/-/big.js-5.2.2.tgz#65f0af382f578bcdc742bd9c281e9cb2d7768328"

bindings@^1.2.1, bindings@^1.3.0:
  version "1.3.0"
  resolved "https://registry.yarnpkg.com/bindings/-/bindings-1.3.0.tgz#b346f6ecf6a95f5a815c5839fc7cdb22502f1ed7"

bip66@^1.1.3:
  version "1.1.5"
  resolved "https://registry.yarnpkg.com/bip66/-/bip66-1.1.5.tgz#01fa8748785ca70955d5011217d1b3139969ca22"
  dependencies:
    safe-buffer "^5.0.1"

blakejs@^1.1.0:
  version "1.1.0"
  resolved "https://registry.yarnpkg.com/blakejs/-/blakejs-1.1.0.tgz#69df92ef953aa88ca51a32df6ab1c54a155fc7a5"

bluebird@^3.5.3:
  version "3.5.3"
  resolved "https://registry.yarnpkg.com/bluebird/-/bluebird-3.5.3.tgz#7d01c6f9616c9a51ab0f8c549a79dfe6ec33efa7"

bn.js@^1.0.0:
  version "1.3.0"
  resolved "https://registry.yarnpkg.com/bn.js/-/bn.js-1.3.0.tgz#0db4cbf96f8f23b742f5bcb9d1aa7a9994a05e83"

bn.js@^4.0.0, bn.js@^4.11.3, bn.js@^4.4.0:
  version "4.11.8"
  resolved "https://registry.yarnpkg.com/bn.js/-/bn.js-4.11.8.tgz#2cde09eb5ee341f484746bb0309b3253b1b1442f"

brorand@^1.0.1:
  version "1.1.0"
  resolved "https://registry.yarnpkg.com/brorand/-/brorand-1.1.0.tgz#12c25efe40a45e3c323eb8675a0a0ce57b22371f"

browserify-aes@^1.0.6, browserify-aes@^1.1.1, browserify-aes@^1.2.0:
  version "1.2.0"
  resolved "http://registry.npmjs.org/browserify-aes/-/browserify-aes-1.2.0.tgz#326734642f403dabc3003209853bb70ad428ef48"
  dependencies:
    buffer-xor "^1.0.3"
    cipher-base "^1.0.0"
    create-hash "^1.1.0"
    evp_bytestokey "^1.0.3"
    inherits "^2.0.1"
    safe-buffer "^5.0.1"

bs58@^4.0.1:
  version "4.0.1"
  resolved "https://registry.yarnpkg.com/bs58/-/bs58-4.0.1.tgz#be161e76c354f6f788ae4071f63f34e8c4f0a42a"
  dependencies:
    base-x "^3.0.2"

buffer-alloc-unsafe@^1.0.0:
  version "1.1.0"
  resolved "https://registry.yarnpkg.com/buffer-alloc-unsafe/-/buffer-alloc-unsafe-1.1.0.tgz#bd7dc26ae2972d0eda253be061dba992349c19f0"

buffer-from@^1.0.0:
  version "1.1.1"
  resolved "https://registry.yarnpkg.com/buffer-from/-/buffer-from-1.1.1.tgz#32713bc028f75c02fdb710d7c7bcec1f2c6070ef"

buffer-xor@^1.0.3:
  version "1.0.3"
  resolved "https://registry.yarnpkg.com/buffer-xor/-/buffer-xor-1.0.3.tgz#26e61ed1422fb70dd42e6e36729ed51d855fe8d9"

chunky@0.0.0:
  version "0.0.0"
  resolved "https://registry.yarnpkg.com/chunky/-/chunky-0.0.0.tgz#1e7580a23c083897d2ad662459e7efd8465f608a"

cipher-base@^1.0.0, cipher-base@^1.0.1, cipher-base@^1.0.3:
  version "1.0.4"
  resolved "https://registry.yarnpkg.com/cipher-base/-/cipher-base-1.0.4.tgz#8760e4ecc272f4c363532f926d874aae2c1397de"
  dependencies:
    inherits "^2.0.1"
    safe-buffer "^5.0.1"

class-is@^1.1.0:
  version "1.1.0"
  resolved "http://registry.npmjs.org/class-is/-/class-is-1.1.0.tgz#9d3c0fba0440d211d843cec3dedfa48055005825"

concat-stream@^1.6.2:
  version "1.6.2"
  resolved "https://registry.yarnpkg.com/concat-stream/-/concat-stream-1.6.2.tgz#904bdf194cd3122fc675c77fc4ac3d4ff0fd1a34"
  dependencies:
    buffer-from "^1.0.0"
    inherits "^2.0.3"
    readable-stream "^2.2.2"
    typedarray "^0.0.6"

core-util-is@~1.0.0:
  version "1.0.2"
  resolved "https://registry.yarnpkg.com/core-util-is/-/core-util-is-1.0.2.tgz#b5fd54220aa2bc5ab57aab7140c940754503c1a7"

create-hash@^1.1.0, create-hash@^1.1.2:
  version "1.2.0"
  resolved "http://registry.npmjs.org/create-hash/-/create-hash-1.2.0.tgz#889078af11a63756bcfb59bd221996be3a9ef196"
  dependencies:
    cipher-base "^1.0.1"
    inherits "^2.0.1"
    md5.js "^1.3.4"
    ripemd160 "^2.0.1"
    sha.js "^2.4.0"

create-hmac@^1.1.4:
  version "1.1.7"
  resolved "http://registry.npmjs.org/create-hmac/-/create-hmac-1.1.7.tgz#69170c78b3ab957147b2b8b04572e47ead2243ff"
  dependencies:
    cipher-base "^1.0.3"
    create-hash "^1.1.0"
    inherits "^2.0.1"
    ripemd160 "^2.0.0"
    safe-buffer "^5.0.1"
    sha.js "^2.4.8"

debug@^2.6.0:
  version "2.6.9"
  resolved "https://registry.yarnpkg.com/debug/-/debug-2.6.9.tgz#5d128515df134ff327e90a4c93f4e077a536341f"
  dependencies:
    ms "2.0.0"

debug@^3.1.0:
  version "3.2.6"
  resolved "https://registry.yarnpkg.com/debug/-/debug-3.2.6.tgz#e83d17de16d8a7efb7717edbe5fb10135eee629b"
  dependencies:
    ms "^2.1.1"

debug@^4.1.0:
  version "4.1.0"
  resolved "https://registry.yarnpkg.com/debug/-/debug-4.1.0.tgz#373687bffa678b38b1cd91f861b63850035ddc87"
  dependencies:
    ms "^2.1.1"

defaults-deep@~0.2.4:
  version "0.2.4"
  resolved "https://registry.yarnpkg.com/defaults-deep/-/defaults-deep-0.2.4.tgz#a479cfeafce025810fb93aa8d2dde0ee2d677cc6"
  dependencies:
    for-own "^0.1.3"
    is-extendable "^0.1.1"
    lazy-cache "^0.2.3"

dns-packet@^4.0.0:
  version "4.2.0"
  resolved "http://registry.npmjs.org/dns-packet/-/dns-packet-4.2.0.tgz#3fd6f5ff5a4ec3194ed0b15312693ffe8776b343"
  dependencies:
    ip "^1.1.5"
    safe-buffer "^5.1.1"

drbg.js@^1.0.1:
  version "1.0.1"
  resolved "https://registry.yarnpkg.com/drbg.js/-/drbg.js-1.0.1.tgz#3e36b6c42b37043823cdbc332d58f31e2445480b"
  dependencies:
    browserify-aes "^1.0.6"
    create-hash "^1.1.2"
    create-hmac "^1.1.4"

duplexify@^3.6.0:
  version "3.6.1"
  resolved "https://registry.yarnpkg.com/duplexify/-/duplexify-3.6.1.tgz#b1a7a29c4abfd639585efaecce80d666b1e34125"
  dependencies:
    end-of-stream "^1.0.0"
    inherits "^2.0.1"
    readable-stream "^2.0.0"
    stream-shift "^1.0.0"

elliptic@^6.2.3:
  version "6.4.1"
  resolved "https://registry.yarnpkg.com/elliptic/-/elliptic-6.4.1.tgz#c2d0b7776911b86722c632c3c06c60f2f819939a"
  dependencies:
    bn.js "^4.4.0"
    brorand "^1.0.1"
    hash.js "^1.0.0"
    hmac-drbg "^1.0.0"
    inherits "^2.0.1"
    minimalistic-assert "^1.0.0"
    minimalistic-crypto-utils "^1.0.0"

end-of-stream@^1.0.0, end-of-stream@^1.1.0:
  version "1.4.1"
  resolved "https://registry.yarnpkg.com/end-of-stream/-/end-of-stream-1.4.1.tgz#ed29634d19baba463b6ce6b80a37213eab71ec43"
  dependencies:
    once "^1.4.0"

err-code@^1.1.2:
  version "1.1.2"
  resolved "https://registry.yarnpkg.com/err-code/-/err-code-1.1.2.tgz#06e0116d3028f6aef4806849eb0ea6a748ae6960"

evp_bytestokey@^1.0.3:
  version "1.0.3"
  resolved "https://registry.yarnpkg.com/evp_bytestokey/-/evp_bytestokey-1.0.3.tgz#7fcbdb198dc71959432efe13842684e0525acb02"
  dependencies:
    md5.js "^1.3.4"
    safe-buffer "^5.1.1"

for-in@^1.0.1:
  version "1.0.2"
  resolved "https://registry.yarnpkg.com/for-in/-/for-in-1.0.2.tgz#81068d295a8142ec0ac726c6e2200c30fb6d5e80"

for-own@^0.1.3:
  version "0.1.5"
  resolved "https://registry.yarnpkg.com/for-own/-/for-own-0.1.5.tgz#5265c681a4f294dabbf17c9509b6763aa84510ce"
  dependencies:
    for-in "^1.0.1"

fsm-event@^2.1.0:
  version "2.1.0"
  resolved "https://registry.yarnpkg.com/fsm-event/-/fsm-event-2.1.0.tgz#d385716ed38f9c92feab2ba601e2aac6c0ba5a92"
  dependencies:
    fsm "^1.0.2"

fsm@^1.0.2:
  version "1.0.2"
  resolved "http://registry.npmjs.org/fsm/-/fsm-1.0.2.tgz#e2eb9b29747e806bbb90f8d5453e2f9d7bd23783"
  dependencies:
    split "~0.3.0"

hash-base@^3.0.0:
  version "3.0.4"
  resolved "https://registry.yarnpkg.com/hash-base/-/hash-base-3.0.4.tgz#5fc8686847ecd73499403319a6b0a3f3f6ae4918"
  dependencies:
    inherits "^2.0.1"
    safe-buffer "^5.0.1"

hash.js@^1.0.0, hash.js@^1.0.3:
  version "1.1.5"
  resolved "https://registry.yarnpkg.com/hash.js/-/hash.js-1.1.5.tgz#e38ab4b85dfb1e0c40fe9265c0e9b54854c23812"
  dependencies:
    inherits "^2.0.3"
    minimalistic-assert "^1.0.1"

hashlru@^2.2.1:
  version "2.2.1"
  resolved "https://registry.yarnpkg.com/hashlru/-/hashlru-2.2.1.tgz#10f2099a0d7c05a40f2beaf5c1d39cf2f7dabf36"

hmac-drbg@^1.0.0:
  version "1.0.1"
  resolved "https://registry.yarnpkg.com/hmac-drbg/-/hmac-drbg-1.0.1.tgz#d2745701025a6c775a6c545793ed502fc0c649a1"
  dependencies:
    hash.js "^1.0.3"
    minimalistic-assert "^1.0.0"
    minimalistic-crypto-utils "^1.0.1"

hoek@6.x.x:
  version "6.0.3"
  resolved "https://registry.yarnpkg.com/hoek/-/hoek-6.0.3.tgz#7884360426d927865a0a1251fc9c59313af5b798"

inherits@^2.0.1, inherits@^2.0.3, inherits@~2.0.3:
  version "2.0.3"
  resolved "https://registry.yarnpkg.com/inherits/-/inherits-2.0.3.tgz#633c2c83e3da42a502f52466022480f4208261de"

interface-connection@~0.3.2:
  version "0.3.2"
  resolved "https://registry.yarnpkg.com/interface-connection/-/interface-connection-0.3.2.tgz#e4949883f6ea79fb7edd01ee3f4fca47a29fd2c4"
  dependencies:
    pull-defer "~0.2.2"
    timed-tape "~0.1.1"

ip-address@^5.8.9:
  version "5.8.9"
  resolved "https://registry.yarnpkg.com/ip-address/-/ip-address-5.8.9.tgz#6379277c23fc5adb20511e4d23ec2c1bde105dfd"
  dependencies:
    jsbn "1.1.0"
    lodash.find "^4.6.0"
    lodash.max "^4.0.1"
    lodash.merge "^4.6.0"
    lodash.padstart "^4.6.1"
    lodash.repeat "^4.1.0"
    sprintf-js "1.1.0"

ip@^1.1.5:
  version "1.1.5"
  resolved "https://registry.yarnpkg.com/ip/-/ip-1.1.5.tgz#bdded70114290828c0a039e72ef25f5aaec4354a"

is-extendable@^0.1.1:
  version "0.1.1"
  resolved "https://registry.yarnpkg.com/is-extendable/-/is-extendable-0.1.1.tgz#62b110e289a471418e3ec36a617d472e301dfc89"

is-promise@~1, is-promise@~1.0.0:
  version "1.0.1"
  resolved "https://registry.yarnpkg.com/is-promise/-/is-promise-1.0.1.tgz#31573761c057e33c2e91aab9e96da08cefbe76e5"

isarray@~1.0.0:
  version "1.0.0"
  resolved "https://registry.yarnpkg.com/isarray/-/isarray-1.0.0.tgz#bb935d48582cba168c06834957a54a3e07124f11"

isemail@3.x.x:
  version "3.2.0"
  resolved "https://registry.yarnpkg.com/isemail/-/isemail-3.2.0.tgz#59310a021931a9fb06bbb51e155ce0b3f236832c"
  dependencies:
    punycode "2.x.x"

joi-browser@^13.4.0:
  version "13.4.0"
  resolved "https://registry.yarnpkg.com/joi-browser/-/joi-browser-13.4.0.tgz#b72ba61b610e3f58e51b563a14e0f5225cfb6896"

joi@^14.0.6:
  version "14.1.0"
  resolved "https://registry.yarnpkg.com/joi/-/joi-14.1.0.tgz#98a7923108a9f361192551b29f538488d07953cc"
  dependencies:
    hoek "6.x.x"
    isemail "3.x.x"
    topo "3.x.x"

js-sha3@^0.7.0:
  version "0.7.0"
  resolved "https://registry.yarnpkg.com/js-sha3/-/js-sha3-0.7.0.tgz#0a5c57b36f79882573b2d84051f8bb85dd1bd63a"

jsbn@1.1.0:
  version "1.1.0"
  resolved "https://registry.yarnpkg.com/jsbn/-/jsbn-1.1.0.tgz#b01307cb29b618a1ed26ec79e911f803c4da0040"

keypair@^1.0.1:
  version "1.0.1"
  resolved "https://registry.yarnpkg.com/keypair/-/keypair-1.0.1.tgz#7603719270afb6564ed38a22087a06fc9aa4ea1b"

latency-monitor@^0.2.1:
  version "0.2.1"
  resolved "https://registry.yarnpkg.com/latency-monitor/-/latency-monitor-0.2.1.tgz#4043d5f23de86e2bfcef6ced4a3b5b922e1dd7ed"
  dependencies:
    debug "^2.6.0"
    lodash "^4.17.4"

lazy-cache@^0.2.3:
  version "0.2.7"
  resolved "https://registry.yarnpkg.com/lazy-cache/-/lazy-cache-0.2.7.tgz#7feddf2dcb6edb77d11ef1d117ab5ffdf0ab1b65"

length-prefixed-stream@^1.5.2:
  version "1.6.0"
  resolved "https://registry.yarnpkg.com/length-prefixed-stream/-/length-prefixed-stream-1.6.0.tgz#6aeeecf38a337172ea0472250e90f5e15b8b2334"
  dependencies:
    buffer-alloc-unsafe "^1.0.0"
    readable-stream "^2.0.0"
    varint "^5.0.0"

libp2p-circuit@~0.3.0:
  version "0.3.1"
  resolved "https://registry.yarnpkg.com/libp2p-circuit/-/libp2p-circuit-0.3.1.tgz#ac0b8cf3aaee63a71d61eb0a21a4dd287b7ca9b6"
  dependencies:
    async "^2.6.1"
    debug "^4.1.0"
    defaults-deep "~0.2.4"
    interface-connection "~0.3.2"
    mafmt "^6.0.2"
    multiaddr "^5.0.2"
    multistream-select "~0.14.3"
    peer-id "~0.12.0"
    peer-info "~0.14.1"
    protons "^1.0.1"
    pull-abortable "^4.1.1"
    pull-handshake "^1.1.4"
    pull-stream "^3.6.9"

libp2p-connection-manager@~0.0.2:
  version "0.0.2"
  resolved "https://registry.yarnpkg.com/libp2p-connection-manager/-/libp2p-connection-manager-0.0.2.tgz#ea3db3efce8b7bb3c55af9002b8edbf65244fb1e"
  dependencies:
    debug "^3.1.0"
    latency-monitor "^0.2.1"

libp2p-crypto-secp256k1@~0.2.2:
  version "0.2.2"
  resolved "https://registry.yarnpkg.com/libp2p-crypto-secp256k1/-/libp2p-crypto-secp256k1-0.2.2.tgz#0dd521f18abc4e36a152e24e9b36307b0ae9cf05"
  dependencies:
    async "^2.5.0"
    multihashing-async "~0.4.6"
    nodeify "^1.0.1"
    safe-buffer "^5.1.1"
    secp256k1 "^3.3.0"

libp2p-crypto@~0.12.1:
  version "0.12.1"
  resolved "http://registry.npmjs.org/libp2p-crypto/-/libp2p-crypto-0.12.1.tgz#4a870d269ba3150dfe014e4f9aea1e55076015c8"
  dependencies:
    asn1.js "^5.0.0"
    async "^2.6.0"
    browserify-aes "^1.1.1"
    bs58 "^4.0.1"
    keypair "^1.0.1"
    libp2p-crypto-secp256k1 "~0.2.2"
    multihashing-async "~0.4.7"
    node-forge "^0.7.1"
    pem-jwk "^1.5.1"
    protons "^1.0.1"
    rsa-pem-to-jwk "^1.1.3"
    tweetnacl "^1.0.0"
    webcrypto-shim "github:dignifiedquire/webcrypto-shim#master"

libp2p-crypto@~0.13.0:
  version "0.13.0"
  resolved "http://registry.npmjs.org/libp2p-crypto/-/libp2p-crypto-0.13.0.tgz#25404ea43bf2fd3802780d9ab87b5d2095d86f07"
  dependencies:
    asn1.js "^5.0.0"
    async "^2.6.0"
    browserify-aes "^1.2.0"
    bs58 "^4.0.1"
    keypair "^1.0.1"
    libp2p-crypto-secp256k1 "~0.2.2"
    multihashing-async "~0.4.8"
    node-forge "^0.7.5"
    pem-jwk "^1.5.1"
    protons "^1.0.1"
    rsa-pem-to-jwk "^1.1.3"
    tweetnacl "^1.0.0"
    webcrypto-shim "github:dignifiedquire/webcrypto-shim#master"

libp2p-crypto@~0.14.0, libp2p-crypto@~0.14.1:
  version "0.14.1"
  resolved "https://registry.yarnpkg.com/libp2p-crypto/-/libp2p-crypto-0.14.1.tgz#c88e0cfb05c9fd877444b13baf5c45be5ca5c14e"
  dependencies:
    asn1.js "^5.0.1"
    async "^2.6.1"
    browserify-aes "^1.2.0"
    bs58 "^4.0.1"
    keypair "^1.0.1"
    libp2p-crypto-secp256k1 "~0.2.2"
    multihashing-async "~0.5.1"
    node-forge "~0.7.6"
    pem-jwk "^1.5.1"
    protons "^1.0.1"
    rsa-pem-to-jwk "^1.1.3"
    tweetnacl "^1.0.0"
    ursa-optional "~0.9.9"
    webcrypto-shim "github:dignifiedquire/webcrypto-shim#master"

libp2p-floodsub@~0.15.1:
  version "0.15.1"
  resolved "https://registry.yarnpkg.com/libp2p-floodsub/-/libp2p-floodsub-0.15.1.tgz#d58d40822f355356627c26a7b322600c50e67d93"
  dependencies:
    async "^2.6.0"
    bs58 "^4.0.1"
    debug "^3.1.0"
    length-prefixed-stream "^1.5.2"
    libp2p-crypto "~0.13.0"
    lodash "^4.3.0"
    protons "^1.0.1"
    pull-pushable "^2.2.0"
    time-cache "~0.3.0"

libp2p-identify@~0.7.2:
  version "0.7.2"
  resolved "https://registry.yarnpkg.com/libp2p-identify/-/libp2p-identify-0.7.2.tgz#796d1e293fcb8af267726d6ab1c3b8be319b1977"
  dependencies:
    multiaddr "^5.0.0"
    peer-id "~0.10.7"
    peer-info "~0.14.1"
    protons "^1.0.1"
    pull-length-prefixed "^1.3.0"
    pull-stream "^3.6.7"

libp2p-mdns@^0.12.0:
  version "0.12.0"
  resolved "https://registry.yarnpkg.com/libp2p-mdns/-/libp2p-mdns-0.12.0.tgz#0e67d7b24f3829d7f2f0d8f60f43d009a4995ba3"
  dependencies:
    libp2p-tcp "~0.12.0"
    multiaddr "^5.0.0"
    multicast-dns "^7.0.0"
    peer-id "~0.10.7"
    peer-info "~0.14.1"

libp2p-mplex@^0.8.4:
  version "0.8.4"
  resolved "https://registry.yarnpkg.com/libp2p-mplex/-/libp2p-mplex-0.8.4.tgz#969cc8bd6cd914a0958ea232de03e9fa4328bde6"
  dependencies:
    async "^2.6.1"
    chunky "0.0.0"
    concat-stream "^1.6.2"
    debug "^4.1.0"
    duplexify "^3.6.0"
    interface-connection "~0.3.2"
    pull-catch "^1.0.0"
    pull-stream "^3.6.9"
    pull-stream-to-stream "^1.3.4"
    pump "^3.0.0"
    readable-stream "^3.0.6"
    stream-to-pull-stream "^1.7.2"
    varint "^5.0.0"

libp2p-ping@~0.8.3:
  version "0.8.3"
  resolved "https://registry.yarnpkg.com/libp2p-ping/-/libp2p-ping-0.8.3.tgz#4dc0db04101e79539826aa2de0a7dec6431dcdb1"
  dependencies:
    libp2p-crypto "~0.14.1"
    pull-handshake "^1.1.4"
    pull-stream "^3.6.9"

libp2p-secio@^0.10.1:
  version "0.10.1"
  resolved "https://registry.yarnpkg.com/libp2p-secio/-/libp2p-secio-0.10.1.tgz#7c36de0fd5f32ed12decbb89de7eea9885aeaac5"
  dependencies:
    async "^2.6.1"
    debug "^4.1.0"
    interface-connection "~0.3.2"
    libp2p-crypto "~0.14.0"
    multihashing-async "~0.5.1"
    peer-id "~0.12.0"
    peer-info "~0.14.1"
    protons "^1.0.1"
    pull-defer "~0.2.3"
    pull-handshake "^1.1.4"
    pull-length-prefixed "^1.3.1"
    pull-stream "^3.6.9"

libp2p-switch@~0.41.2:
  version "0.41.2"
  resolved "https://registry.yarnpkg.com/libp2p-switch/-/libp2p-switch-0.41.2.tgz#b2b9f17470271692e8f39511e39e5f3af33ff4c3"
  dependencies:
    async "^2.6.1"
    big.js "^5.2.2"
    class-is "^1.1.0"
    debug "^4.1.0"
    err-code "^1.1.2"
    fsm-event "^2.1.0"
    hashlru "^2.2.1"
    interface-connection "~0.3.2"
    ip-address "^5.8.9"
    libp2p-circuit "~0.3.0"
    libp2p-identify "~0.7.2"
    lodash.includes "^4.3.0"
    moving-average "^1.0.0"
    multiaddr "^5.0.2"
    multistream-select "~0.14.3"
    once "^1.4.0"
    peer-id "~0.12.0"
    peer-info "~0.14.1"
    pull-stream "^3.6.9"

libp2p-tcp@^0.13.0:
  version "0.13.0"
  resolved "https://registry.yarnpkg.com/libp2p-tcp/-/libp2p-tcp-0.13.0.tgz#597f0f837890ca07b062b75593a4d58b755122b2"
  dependencies:
    class-is "^1.1.0"
    debug "^3.1.0"
    interface-connection "~0.3.2"
    ip-address "^5.8.9"
    lodash.includes "^4.3.0"
    lodash.isfunction "^3.0.9"
    mafmt "^6.0.2"
    multiaddr "^5.0.0"
    once "^1.4.0"
    stream-to-pull-stream "^1.7.2"

libp2p-tcp@~0.12.0:
  version "0.12.1"
  resolved "https://registry.yarnpkg.com/libp2p-tcp/-/libp2p-tcp-0.12.1.tgz#fcb7ade07d95dd3552e9c71402edf34f00c37102"
  dependencies:
    class-is "^1.1.0"
    debug "^3.1.0"
    interface-connection "~0.3.2"
    ip-address "^5.8.9"
    lodash.includes "^4.3.0"
    lodash.isfunction "^3.0.9"
    mafmt "^6.0.0"
    multiaddr "^4.0.0"
    once "^1.4.0"
    stream-to-pull-stream "^1.7.2"

libp2p-websockets@~0.12.0:
  version "0.12.0"
  resolved "https://registry.yarnpkg.com/libp2p-websockets/-/libp2p-websockets-0.12.0.tgz#b0044535041b7689f116f36e46f511671c8b1f12"
  dependencies:
    class-is "^1.1.0"
    interface-connection "~0.3.2"
    lodash.includes "^4.3.0"
    mafmt "^6.0.0"
    pull-ws "^3.3.1"

libp2p@^0.24.0:
  version "0.24.0"
  resolved "https://registry.yarnpkg.com/libp2p/-/libp2p-0.24.0.tgz#bf40c2850c25a63ff98f7543c71a26ce6c99d2f6"
  dependencies:
    async "^2.6.1"
    debug "^4.1.0"
    err-code "^1.1.2"
    fsm-event "^2.1.0"
    joi "^14.0.6"
    joi-browser "^13.4.0"
    libp2p-connection-manager "~0.0.2"
    libp2p-floodsub "~0.15.1"
    libp2p-ping "~0.8.3"
    libp2p-switch "~0.41.2"
    libp2p-websockets "~0.12.0"
    mafmt "^6.0.2"
    multiaddr "^5.0.2"
    peer-book "~0.8.0"
    peer-id "~0.12.0"
    peer-info "~0.14.1"

lodash.filter@^4.6.0:
  version "4.6.0"
  resolved "https://registry.yarnpkg.com/lodash.filter/-/lodash.filter-4.6.0.tgz#668b1d4981603ae1cc5a6fa760143e480b4c4ace"

lodash.find@^4.6.0:
  version "4.6.0"
  resolved "https://registry.yarnpkg.com/lodash.find/-/lodash.find-4.6.0.tgz#cb0704d47ab71789ffa0de8b97dd926fb88b13b1"

lodash.includes@^4.3.0:
  version "4.3.0"
  resolved "https://registry.yarnpkg.com/lodash.includes/-/lodash.includes-4.3.0.tgz#60bb98a87cb923c68ca1e51325483314849f553f"

lodash.isfunction@^3.0.9:
  version "3.0.9"
  resolved "https://registry.yarnpkg.com/lodash.isfunction/-/lodash.isfunction-3.0.9.tgz#06de25df4db327ac931981d1bdb067e5af68d051"

lodash.map@^4.6.0:
  version "4.6.0"
  resolved "https://registry.yarnpkg.com/lodash.map/-/lodash.map-4.6.0.tgz#771ec7839e3473d9c4cde28b19394c3562f4f6d3"

lodash.max@^4.0.1:
  version "4.0.1"
  resolved "https://registry.yarnpkg.com/lodash.max/-/lodash.max-4.0.1.tgz#8735566c618b35a9f760520b487ae79658af136a"

lodash.merge@^4.6.0:
  version "4.6.1"
  resolved "https://registry.yarnpkg.com/lodash.merge/-/lodash.merge-4.6.1.tgz#adc25d9cb99b9391c59624f379fbba60d7111d54"

lodash.padstart@^4.6.1:
  version "4.6.1"
  resolved "https://registry.yarnpkg.com/lodash.padstart/-/lodash.padstart-4.6.1.tgz#d2e3eebff0d9d39ad50f5cbd1b52a7bce6bb611b"

lodash.range@^3.2.0:
  version "3.2.0"
  resolved "https://registry.yarnpkg.com/lodash.range/-/lodash.range-3.2.0.tgz#f461e588f66683f7eadeade513e38a69a565a15d"

lodash.repeat@^4.1.0:
  version "4.1.0"
  resolved "https://registry.yarnpkg.com/lodash.repeat/-/lodash.repeat-4.1.0.tgz#fc7de8131d8c8ac07e4b49f74ffe829d1f2bec44"

lodash.throttle@^4.1.1:
  version "4.1.1"
  resolved "https://registry.yarnpkg.com/lodash.throttle/-/lodash.throttle-4.1.1.tgz#c23e91b710242ac70c37f1e1cda9274cc39bf2f4"

lodash.uniqby@^4.7.0:
  version "4.7.0"
  resolved "https://registry.yarnpkg.com/lodash.uniqby/-/lodash.uniqby-4.7.0.tgz#d99c07a669e9e6d24e1362dfe266c67616af1302"

lodash@^4.17.10, lodash@^4.17.4, lodash@^4.17.5, lodash@^4.3.0:
  version "4.17.11"
  resolved "https://registry.yarnpkg.com/lodash/-/lodash-4.17.11.tgz#b39ea6229ef607ecd89e2c8df12536891cac9b8d"

looper@^3.0.0:
  version "3.0.0"
  resolved "https://registry.yarnpkg.com/looper/-/looper-3.0.0.tgz#2efa54c3b1cbaba9b94aee2e5914b0be57fbb749"

mafmt@^6.0.0, mafmt@^6.0.2:
  version "6.0.2"
  resolved "https://registry.yarnpkg.com/mafmt/-/mafmt-6.0.2.tgz#236f08e35d37c4efd96f869ade919b71f5972992"
  dependencies:
    multiaddr "^5.0.0"

md5.js@^1.3.4:
  version "1.3.5"
  resolved "https://registry.yarnpkg.com/md5.js/-/md5.js-1.3.5.tgz#b5d07b8e3216e3e27cd728d72f70d1e6a342005f"
  dependencies:
    hash-base "^3.0.0"
    inherits "^2.0.1"
    safe-buffer "^5.1.2"

minimalistic-assert@^1.0.0, minimalistic-assert@^1.0.1:
  version "1.0.1"
  resolved "https://registry.yarnpkg.com/minimalistic-assert/-/minimalistic-assert-1.0.1.tgz#2e194de044626d4a10e7f7fbc00ce73e83e4d5c7"

minimalistic-crypto-utils@^1.0.0, minimalistic-crypto-utils@^1.0.1:
  version "1.0.1"
  resolved "https://registry.yarnpkg.com/minimalistic-crypto-utils/-/minimalistic-crypto-utils-1.0.1.tgz#f6c00c1c0b082246e5c4d99dfb8c7c083b2b582a"

moving-average@^1.0.0:
  version "1.0.0"
  resolved "https://registry.yarnpkg.com/moving-average/-/moving-average-1.0.0.tgz#b1247ba8dd2d7927c619f1eac8036cf933d65adc"

ms@2.0.0:
  version "2.0.0"
  resolved "https://registry.yarnpkg.com/ms/-/ms-2.0.0.tgz#5608aeadfc00be6c2901df5f9861788de0d597c8"

ms@^2.1.1:
  version "2.1.1"
  resolved "https://registry.yarnpkg.com/ms/-/ms-2.1.1.tgz#30a5864eb3ebb0a66f2ebe6d727af06a09d86e0a"

multiaddr@^4.0.0:
  version "4.0.0"
  resolved "http://registry.npmjs.org/multiaddr/-/multiaddr-4.0.0.tgz#70a8857c4f737350bc2c56914a70f1263889db33"
  dependencies:
    bs58 "^4.0.1"
    class-is "^1.1.0"
    ip "^1.1.5"
    ip-address "^5.8.9"
    lodash.filter "^4.6.0"
    lodash.map "^4.6.0"
    varint "^5.0.0"
    xtend "^4.0.1"

multiaddr@^5.0.0, multiaddr@^5.0.2:
  version "5.0.2"
  resolved "https://registry.yarnpkg.com/multiaddr/-/multiaddr-5.0.2.tgz#bffc4ebf0ef208ce40eab8cd6f146296b61aa0e3"
  dependencies:
    bs58 "^4.0.1"
    class-is "^1.1.0"
    ip "^1.1.5"
    ip-address "^5.8.9"
    lodash.filter "^4.6.0"
    lodash.map "^4.6.0"
    varint "^5.0.0"
    xtend "^4.0.1"

multicast-dns@^7.0.0:
  version "7.2.0"
  resolved "https://registry.yarnpkg.com/multicast-dns/-/multicast-dns-7.2.0.tgz#7aa49a7efba931a346011aa02e7d1c314a65ac77"
  dependencies:
    dns-packet "^4.0.0"
    thunky "^1.0.2"

multihashes@~0.4.13:
  version "0.4.14"
  resolved "https://registry.yarnpkg.com/multihashes/-/multihashes-0.4.14.tgz#774db9a161f81a8a27dc60788f91248e020f5244"
  dependencies:
    bs58 "^4.0.1"
    varint "^5.0.0"

multihashing-async@~0.4.6, multihashing-async@~0.4.7, multihashing-async@~0.4.8:
  version "0.4.8"
  resolved "https://registry.yarnpkg.com/multihashing-async/-/multihashing-async-0.4.8.tgz#41572b25a8fc68eb318b8562409fdd721a727ea1"
  dependencies:
    async "^2.6.0"
    blakejs "^1.1.0"
    js-sha3 "^0.7.0"
    multihashes "~0.4.13"
    murmurhash3js "^3.0.1"
    nodeify "^1.0.1"

multihashing-async@~0.5.1:
  version "0.5.1"
  resolved "https://registry.yarnpkg.com/multihashing-async/-/multihashing-async-0.5.1.tgz#1fc563798f3777b43df0f77a0bf6474192687c0c"
  dependencies:
    async "^2.6.1"
    blakejs "^1.1.0"
    js-sha3 "^0.7.0"
    multihashes "~0.4.13"
    murmurhash3js "^3.0.1"
    nodeify "^1.0.1"

multistream-select@~0.14.3:
  version "0.14.3"
  resolved "https://registry.yarnpkg.com/multistream-select/-/multistream-select-0.14.3.tgz#655654538bffc6c55a58d50d7fe8c4cecc0fed8d"
  dependencies:
    async "^2.6.0"
    debug "^3.1.0"
    interface-connection "~0.3.2"
    lodash.isfunction "^3.0.9"
    lodash.range "^3.2.0"
    once "^1.4.0"
    pull-handshake "^1.1.4"
    pull-length-prefixed "^1.3.1"
    pull-stream "^3.6.7"
    semver "^5.5.0"
    varint "^5.0.0"

murmurhash3js@^3.0.1:
  version "3.0.1"
  resolved "https://registry.yarnpkg.com/murmurhash3js/-/murmurhash3js-3.0.1.tgz#3e983e5b47c2a06f43a713174e7e435ca044b998"

nan@^2.11.1, nan@^2.2.1:
  version "2.11.1"
  resolved "https://registry.yarnpkg.com/nan/-/nan-2.11.1.tgz#90e22bccb8ca57ea4cd37cc83d3819b52eea6766"

node-forge@^0.7.1, node-forge@^0.7.5, node-forge@~0.7.6:
  version "0.7.6"
  resolved "https://registry.yarnpkg.com/node-forge/-/node-forge-0.7.6.tgz#fdf3b418aee1f94f0ef642cd63486c77ca9724ac"

nodeify@^1.0.1:
  version "1.0.1"
  resolved "https://registry.yarnpkg.com/nodeify/-/nodeify-1.0.1.tgz#64ab69a7bdbaf03ce107b4f0335c87c0b9e91b1d"
  dependencies:
    is-promise "~1.0.0"
    promise "~1.3.0"

object-assign@^2.0.0:
  version "2.1.1"
  resolved "https://registry.yarnpkg.com/object-assign/-/object-assign-2.1.1.tgz#43c36e5d569ff8e4816c4efa8be02d26967c18aa"

once@^1.3.1, once@^1.4.0:
  version "1.4.0"
  resolved "https://registry.yarnpkg.com/once/-/once-1.4.0.tgz#583b1aa775961d4b113ac17d9c50baef9dd76bd1"
  dependencies:
    wrappy "1"

optimist@~0.3.5:
  version "0.3.7"
  resolved "https://registry.yarnpkg.com/optimist/-/optimist-0.3.7.tgz#c90941ad59e4273328923074d2cf2e7cbc6ec0d9"
  dependencies:
    wordwrap "~0.0.2"

options@>=0.0.5:
  version "0.0.6"
  resolved "https://registry.yarnpkg.com/options/-/options-0.0.6.tgz#ec22d312806bb53e731773e7cdaefcf1c643128f"

peer-book@~0.8.0:
  version "0.8.0"
  resolved "https://registry.yarnpkg.com/peer-book/-/peer-book-0.8.0.tgz#a15fdc3faca42ab575f5faae0ed0a0999fab8832"
  dependencies:
    bs58 "^4.0.1"
    peer-id "^0.10.7"
    peer-info "^0.14.1"

peer-id@^0.10.7, peer-id@~0.10.7:
  version "0.10.7"
  resolved "http://registry.npmjs.org/peer-id/-/peer-id-0.10.7.tgz#6c12634636fc90a0e7bc76360c95f73564461fdd"
  dependencies:
    async "^2.6.0"
    libp2p-crypto "~0.12.1"
    lodash "^4.17.5"
    multihashes "~0.4.13"

peer-id@^0.12.0, peer-id@~0.12.0:
  version "0.12.0"
  resolved "https://registry.yarnpkg.com/peer-id/-/peer-id-0.12.0.tgz#a3ccc4badee5daf68c2c4e1e77045f1456ad8493"
  dependencies:
    async "^2.6.1"
    class-is "^1.1.0"
    libp2p-crypto "~0.13.0"
    lodash "^4.17.10"
    multihashes "~0.4.13"

peer-info@^0.14.1, peer-info@~0.14.1:
  version "0.14.1"
  resolved "https://registry.yarnpkg.com/peer-info/-/peer-info-0.14.1.tgz#ac5aec421e9965f7b0e7576d717941bb25676134"
  dependencies:
    lodash.uniqby "^4.7.0"
    mafmt "^6.0.0"
    multiaddr "^4.0.0"
    peer-id "~0.10.7"

pem-jwk@^1.5.1:
  version "1.5.1"
  resolved "https://registry.yarnpkg.com/pem-jwk/-/pem-jwk-1.5.1.tgz#7a8637fd2f67a827e57c0c42e1c23c3fd52cfb01"
  dependencies:
    asn1.js "1.0.3"

prettier@^1.15.2:
  version "1.15.2"
  resolved "https://registry.yarnpkg.com/prettier/-/prettier-1.15.2.tgz#d31abe22afa4351efa14c7f8b94b58bb7452205e"

process-nextick-args@~2.0.0:
  version "2.0.0"
  resolved "https://registry.yarnpkg.com/process-nextick-args/-/process-nextick-args-2.0.0.tgz#a37d732f4271b4ab1ad070d35508e8290788ffaa"

promise@~1.3.0:
  version "1.3.0"
  resolved "http://registry.npmjs.org/promise/-/promise-1.3.0.tgz#e5cc9a4c8278e4664ffedc01c7da84842b040175"
  dependencies:
    is-promise "~1"

protocol-buffers-schema@^3.3.1:
  version "3.3.2"
  resolved "https://registry.yarnpkg.com/protocol-buffers-schema/-/protocol-buffers-schema-3.3.2.tgz#00434f608b4e8df54c59e070efeefc37fb4bb859"

protons@^1.0.1:
  version "1.0.1"
  resolved "https://registry.yarnpkg.com/protons/-/protons-1.0.1.tgz#1c107144c07fc2d1cb8b6cb76451e6a938237676"
  dependencies:
    protocol-buffers-schema "^3.3.1"
    safe-buffer "^5.1.1"
    signed-varint "^2.0.1"
    varint "^5.0.0"

pull-abortable@^4.1.1:
  version "4.1.1"
  resolved "https://registry.yarnpkg.com/pull-abortable/-/pull-abortable-4.1.1.tgz#b3ad5aefb4116b25916d26db89393ac98d0dcea1"

pull-cat@^1.1.9:
  version "1.1.11"
  resolved "https://registry.yarnpkg.com/pull-cat/-/pull-cat-1.1.11.tgz#b642dd1255da376a706b6db4fa962f5fdb74c31b"

pull-catch@^1.0.0:
  version "1.0.0"
  resolved "https://registry.yarnpkg.com/pull-catch/-/pull-catch-1.0.0.tgz#f58037eb5c282ccb506af9f76b0027d33931e48b"

pull-defer@~0.2.2, pull-defer@~0.2.3:
  version "0.2.3"
  resolved "https://registry.yarnpkg.com/pull-defer/-/pull-defer-0.2.3.tgz#4ee09c6d9e227bede9938db80391c3dac489d113"

pull-handshake@^1.1.4:
  version "1.1.4"
  resolved "https://registry.yarnpkg.com/pull-handshake/-/pull-handshake-1.1.4.tgz#6000a0fd018884cdfd737254f8cc60ab2a637791"
  dependencies:
    pull-cat "^1.1.9"
    pull-pair "~1.1.0"
    pull-pushable "^2.0.0"
    pull-reader "^1.2.3"

pull-length-prefixed@^1.3.0, pull-length-prefixed@^1.3.1:
  version "1.3.1"
  resolved "https://registry.yarnpkg.com/pull-length-prefixed/-/pull-length-prefixed-1.3.1.tgz#32292d44a87f5b2397cb281cf63a64d2da68ea0c"
  dependencies:
    pull-pushable "^2.0.1"
    pull-reader "^1.3.0"
    safe-buffer "^5.0.1"
    varint "^5.0.0"

pull-pair@~1.1.0:
  version "1.1.0"
  resolved "https://registry.yarnpkg.com/pull-pair/-/pull-pair-1.1.0.tgz#7ee427263fdf4da825397ac0a05e1ab4b74bd76d"

pull-pushable@^2.0.0, pull-pushable@^2.0.1, pull-pushable@^2.2.0:
  version "2.2.0"
  resolved "https://registry.yarnpkg.com/pull-pushable/-/pull-pushable-2.2.0.tgz#5f2f3aed47ad86919f01b12a2e99d6f1bd776581"

pull-reader@^1.2.3, pull-reader@^1.3.0:
  version "1.3.1"
  resolved "https://registry.yarnpkg.com/pull-reader/-/pull-reader-1.3.1.tgz#03a253e37efce111223ea2dc1dec847be1940be6"

pull-stream-to-stream@^1.3.4:
  version "1.3.4"
  resolved "https://registry.yarnpkg.com/pull-stream-to-stream/-/pull-stream-to-stream-1.3.4.tgz#3f81d8216bd18d2bfd1a198190471180e2738399"

pull-stream@^3.2.3, pull-stream@^3.6.7, pull-stream@^3.6.9:
  version "3.6.9"
  resolved "https://registry.yarnpkg.com/pull-stream/-/pull-stream-3.6.9.tgz#c774724cd63bc0984c3695f74c819aa02e977320"

pull-ws@^3.3.1:
  version "3.3.1"
  resolved "https://registry.yarnpkg.com/pull-ws/-/pull-ws-3.3.1.tgz#a7a659c3144c29d3ad2a66969b943ec69c465768"
  dependencies:
    relative-url "^1.0.2"
    safe-buffer "^5.1.1"
    ws "^1.1.0"

pump@^3.0.0:
  version "3.0.0"
  resolved "https://registry.yarnpkg.com/pump/-/pump-3.0.0.tgz#b4a2116815bde2f4e1ea602354e8c75565107a64"
  dependencies:
    end-of-stream "^1.1.0"
    once "^1.3.1"

punycode@2.x.x:
  version "2.1.1"
  resolved "https://registry.yarnpkg.com/punycode/-/punycode-2.1.1.tgz#b58b010ac40c22c5657616c8d2c2c02c7bf479ec"

readable-stream@^2.0.0, readable-stream@^2.2.2:
  version "2.3.6"
  resolved "http://registry.npmjs.org/readable-stream/-/readable-stream-2.3.6.tgz#b11c27d88b8ff1fbe070643cf94b0c79ae1b0aaf"
  dependencies:
    core-util-is "~1.0.0"
    inherits "~2.0.3"
    isarray "~1.0.0"
    process-nextick-args "~2.0.0"
    safe-buffer "~5.1.1"
    string_decoder "~1.1.1"
    util-deprecate "~1.0.1"

readable-stream@^3.0.6:
  version "3.0.6"
  resolved "https://registry.yarnpkg.com/readable-stream/-/readable-stream-3.0.6.tgz#351302e4c68b5abd6a2ed55376a7f9a25be3057a"
  dependencies:
    inherits "^2.0.3"
    string_decoder "^1.1.1"
    util-deprecate "^1.0.1"

relative-url@^1.0.2:
  version "1.0.2"
  resolved "http://registry.npmjs.org/relative-url/-/relative-url-1.0.2.tgz#d21c52a72d6061018bcee9f9c9fc106bf7d65287"

ripemd160@^2.0.0, ripemd160@^2.0.1:
  version "2.0.2"
  resolved "https://registry.yarnpkg.com/ripemd160/-/ripemd160-2.0.2.tgz#a1c1a6f624751577ba5d07914cbc92850585890c"
  dependencies:
    hash-base "^3.0.0"
    inherits "^2.0.1"

rsa-pem-to-jwk@^1.1.3:
  version "1.1.3"
  resolved "https://registry.yarnpkg.com/rsa-pem-to-jwk/-/rsa-pem-to-jwk-1.1.3.tgz#245e76bdb7e7234cfee7ca032d31b54c38fab98e"
  dependencies:
    object-assign "^2.0.0"
    rsa-unpack "0.0.6"

rsa-unpack@0.0.6:
  version "0.0.6"
  resolved "https://registry.yarnpkg.com/rsa-unpack/-/rsa-unpack-0.0.6.tgz#f50ebd56a628378e631f297161026ce9ab4eddba"
  dependencies:
    optimist "~0.3.5"

safe-buffer@^5.0.1, safe-buffer@^5.1.0, safe-buffer@^5.1.1, safe-buffer@^5.1.2, safe-buffer@~5.1.0, safe-buffer@~5.1.1:
  version "5.1.2"
  resolved "https://registry.yarnpkg.com/safe-buffer/-/safe-buffer-5.1.2.tgz#991ec69d296e0313747d59bdfd2b745c35f8828d"

secp256k1@^3.3.0:
  version "3.5.2"
  resolved "https://registry.yarnpkg.com/secp256k1/-/secp256k1-3.5.2.tgz#f95f952057310722184fe9c914e6b71281f2f2ae"
  dependencies:
    bindings "^1.2.1"
    bip66 "^1.1.3"
    bn.js "^4.11.3"
    create-hash "^1.1.2"
    drbg.js "^1.0.1"
    elliptic "^6.2.3"
    nan "^2.2.1"
    safe-buffer "^5.1.0"

semver@^5.5.0:
  version "5.6.0"
  resolved "https://registry.yarnpkg.com/semver/-/semver-5.6.0.tgz#7e74256fbaa49c75aa7c7a205cc22799cac80004"

sha.js@^2.4.0, sha.js@^2.4.8:
  version "2.4.11"
  resolved "http://registry.npmjs.org/sha.js/-/sha.js-2.4.11.tgz#37a5cf0b81ecbc6943de109ba2960d1b26584ae7"
  dependencies:
    inherits "^2.0.1"
    safe-buffer "^5.0.1"

signed-varint@^2.0.1:
  version "2.0.1"
  resolved "https://registry.yarnpkg.com/signed-varint/-/signed-varint-2.0.1.tgz#50a9989da7c98c2c61dad119bc97470ef8528129"
  dependencies:
    varint "~5.0.0"

split@~0.3.0:
  version "0.3.3"
  resolved "http://registry.npmjs.org/split/-/split-0.3.3.tgz#cd0eea5e63a211dfff7eb0f091c4133e2d0dd28f"
  dependencies:
    through "2"

sprintf-js@1.1.0:
  version "1.1.0"
  resolved "https://registry.yarnpkg.com/sprintf-js/-/sprintf-js-1.1.0.tgz#cffcaf702daf65ea39bb4e0fa2b299cec1a1be46"

stream-shift@^1.0.0:
  version "1.0.0"
  resolved "https://registry.yarnpkg.com/stream-shift/-/stream-shift-1.0.0.tgz#d5c752825e5367e786f78e18e445ea223a155952"

stream-to-pull-stream@^1.7.2:
  version "1.7.2"
  resolved "https://registry.yarnpkg.com/stream-to-pull-stream/-/stream-to-pull-stream-1.7.2.tgz#757609ae1cebd33c7432d4afbe31ff78650b9dde"
  dependencies:
    looper "^3.0.0"
    pull-stream "^3.2.3"

string_decoder@^1.1.1, string_decoder@~1.1.1:
  version "1.1.1"
  resolved "https://registry.yarnpkg.com/string_decoder/-/string_decoder-1.1.1.tgz#9cf1611ba62685d7030ae9e4ba34149c3af03fc8"
  dependencies:
    safe-buffer "~5.1.0"

through@2:
  version "2.3.8"
  resolved "http://registry.npmjs.org/through/-/through-2.3.8.tgz#0dd4c9ffaabc357960b1b724115d7e0e86a2e1f5"

thunky@^1.0.2:
  version "1.0.3"
  resolved "https://registry.yarnpkg.com/thunky/-/thunky-1.0.3.tgz#f5df732453407b09191dae73e2a8cc73f381a826"

time-cache@~0.3.0:
  version "0.3.0"
  resolved "https://registry.yarnpkg.com/time-cache/-/time-cache-0.3.0.tgz#ed0dfcf0fda45cdc95fbd601fda830ebf1bd5d8b"
  dependencies:
    lodash.throttle "^4.1.1"

timed-tape@~0.1.1:
  version "0.1.1"
  resolved "https://registry.yarnpkg.com/timed-tape/-/timed-tape-0.1.1.tgz#9b6e569f17e66c79f1eed2d25ff7962fc7418e49"

topo@3.x.x:
  version "3.0.3"
  resolved "https://registry.yarnpkg.com/topo/-/topo-3.0.3.tgz#d5a67fb2e69307ebeeb08402ec2a2a6f5f7ad95c"
  dependencies:
    hoek "6.x.x"

tweetnacl@^1.0.0:
  version "1.0.0"
  resolved "https://registry.yarnpkg.com/tweetnacl/-/tweetnacl-1.0.0.tgz#713d8b818da42068740bf68386d0479e66fc8a7b"

typedarray@^0.0.6:
  version "0.0.6"
  resolved "https://registry.yarnpkg.com/typedarray/-/typedarray-0.0.6.tgz#867ac74e3864187b1d3d47d996a78ec5c8830777"

typescript@^3.1.6:
  version "3.1.6"
  resolved "https://registry.yarnpkg.com/typescript/-/typescript-3.1.6.tgz#b6543a83cfc8c2befb3f4c8fba6896f5b0c9be68"

ultron@1.0.x:
  version "1.0.2"
  resolved "https://registry.yarnpkg.com/ultron/-/ultron-1.0.2.tgz#ace116ab557cd197386a4e88f4685378c8b2e4fa"

ursa-optional@~0.9.9:
  version "0.9.10"
  resolved "https://registry.yarnpkg.com/ursa-optional/-/ursa-optional-0.9.10.tgz#f2eabfe0b6001dbf07a78740cd0a6e5ba6eb2554"
  dependencies:
    bindings "^1.3.0"
    nan "^2.11.1"

util-deprecate@^1.0.1, util-deprecate@~1.0.1:
  version "1.0.2"
  resolved "https://registry.yarnpkg.com/util-deprecate/-/util-deprecate-1.0.2.tgz#450d4dc9fa70de732762fbd2d4a28981419a0ccf"

varint@^5.0.0, varint@~5.0.0:
  version "5.0.0"
  resolved "https://registry.yarnpkg.com/varint/-/varint-5.0.0.tgz#d826b89f7490732fabc0c0ed693ed475dcb29ebf"

"webcrypto-shim@github:dignifiedquire/webcrypto-shim#master":
  version "0.1.1"
  resolved "https://codeload.github.com/dignifiedquire/webcrypto-shim/tar.gz/190bc9ec341375df6025b17ae12ddb2428ea49c8"

wordwrap@~0.0.2:
  version "0.0.3"
  resolved "https://registry.yarnpkg.com/wordwrap/-/wordwrap-0.0.3.tgz#a3d5da6cd5c0bc0008d37234bbaf1bed63059107"

wrappy@1:
  version "1.0.2"
  resolved "https://registry.yarnpkg.com/wrappy/-/wrappy-1.0.2.tgz#b5243d8f3ec1aa35f1364605bc0d1036e30ab69f"

ws@^1.1.0:
  version "1.1.5"
  resolved "https://registry.yarnpkg.com/ws/-/ws-1.1.5.tgz#cbd9e6e75e09fc5d2c90015f21f0c40875e0dd51"
  dependencies:
    options ">=0.0.5"
    ultron "1.0.x"

xtend@^4.0.1:
  version "4.0.1"
  resolved "https://registry.yarnpkg.com/xtend/-/xtend-4.0.1.tgz#a5c6d532be656e23db820efb943a1f04998d63af"
